# This file is automatically @generated by Cargo.
# It is not intended for manual editing.
version = 4

[[package]]
name = "fs"
version = "0.1.0"

[[package]]
name = "mkdisk"
version = "0.1.0"
dependencies = [
 "fs",
 "piecetable",
 "store",
]

[[package]]
name = "piecetable"
version = "0.1.0"

[[package]]
name = "store"
version = "0.1.0"
dependencies = [
 "fs",
]
