# This file is automatically @generated by Cargo.
# It is not intended for manual editing.
version = 4

[[package]]
name = "abi"
version = "0.1.0"

[[package]]
name = "blk"
version = "0.1.0"
dependencies = [
 "abi",
 "console",
 "init",
 "ipc",
 "name",
 "virtio",
]

[[package]]
name = "console"
version = "0.1.0"
dependencies = [
 "abi",
 "ipc",
 "name",
]

[[package]]
name = "document-service"
version = "0.1.0"
dependencies = [
 "abi",
 "console",
 "heap",
 "ipc",
 "name",
 "store-service",
]

[[package]]
name = "fs"
version = "0.1.0"

[[package]]
name = "heap"
version = "0.1.0"
dependencies = [
 "abi",
]

[[package]]
name = "init"
version = "0.1.0"
dependencies = [
 "abi",
]

[[package]]
name = "ipc"
version = "0.1.0"
dependencies = [
 "abi",
]

[[package]]
name = "layout"
version = "0.1.0"

[[package]]
name = "layout-service"
version = "0.1.0"
dependencies = [
 "abi",
 "console",
 "document-service",
 "heap",
 "ipc",
 "layout",
 "name",
]

[[package]]
name = "name"
version = "0.1.0"
dependencies = [
 "abi",
 "ipc",
]

[[package]]
name = "presenter-service"
version = "0.1.0"
dependencies = [
 "abi",
 "console",
 "document-service",
 "heap",
 "ipc",
 "layout-service",
 "name",
 "scene",
]

[[package]]
name = "scene"
version = "0.1.0"

[[package]]
name = "store"
version = "0.1.0"
dependencies = [
 "fs",
]

[[package]]
name = "store-service"
version = "0.1.0"
dependencies = [
 "abi",
 "blk",
 "console",
 "fs",
 "heap",
 "init",
 "ipc",
 "name",
 "store",
]

[[package]]
name = "virtio"
version = "0.1.0"
