# This file is automatically @generated by Cargo.
# It is not intended for manual editing.
version = 4

[[package]]
name = "abi"
version = "0.1.0"

[[package]]
name = "animation"
version = "0.1.0"

[[package]]
name = "bitflags"
version = "2.11.1"
source = "registry+https://github.com/rust-lang/crates.io-index"
checksum = "c4512299f36f043ab09a583e57bceb5a5aab7a73db1805848e8fef3c9e8c78b3"

[[package]]
name = "blk"
version = "0.1.0"
dependencies = [
 "abi",
 "console",
 "init",
 "ipc",
 "name",
 "virtio",
]

[[package]]
name = "bytemuck"
version = "1.25.0"
source = "registry+https://github.com/rust-lang/crates.io-index"
checksum = "c8efb64bd706a16a1bdde310ae86b351e4d21550d98d056f22f8a7f7a2183fec"
dependencies = [
 "bytemuck_derive",
]

[[package]]
name = "bytemuck_derive"
version = "1.10.2"
source = "registry+https://github.com/rust-lang/crates.io-index"
checksum = "f9abbd1bc6865053c427f7198e6af43bfdedc55ab791faed4fbd361d789575ff"
dependencies = [
 "proc-macro2",
 "quote",
 "syn",
]

[[package]]
name = "console"
version = "0.1.0"
dependencies = [
 "abi",
 "ipc",
 "name",
]

[[package]]
name = "core_maths"
version = "0.1.1"
source = "registry+https://github.com/rust-lang/crates.io-index"
checksum = "77745e017f5edba1a9c1d854f6f3a52dac8a12dd5af5d2f54aecf61e43d80d30"
dependencies = [
 "libm",
]

[[package]]
name = "document-service"
version = "0.1.0"
dependencies = [
 "abi",
 "console",
 "heap",
 "ipc",
 "name",
 "store-service",
]

[[package]]
name = "font-types"
version = "0.11.3"
source = "registry+https://github.com/rust-lang/crates.io-index"
checksum = "5b38ad915f6dadd993ced50848a8291a543bd41ca62bc10740d5e64e2ab4cfd7"
dependencies = [
 "bytemuck",
]

[[package]]
name = "fonts"
version = "0.1.0"
dependencies = [
 "harfrust",
 "read-fonts",
]

[[package]]
name = "fs"
version = "0.1.0"

[[package]]
name = "harfrust"
version = "0.5.2"
source = "registry+https://github.com/rust-lang/crates.io-index"
checksum = "9da2e5ae821f6e96664977bf974d6d6a2d6682f9ccee23e62ec1d134246845f9"
dependencies = [
 "bitflags",
 "bytemuck",
 "core_maths",
 "read-fonts",
 "smallvec",
]

[[package]]
name = "heap"
version = "0.1.0"
dependencies = [
 "abi",
]

[[package]]
name = "init"
version = "0.1.0"
dependencies = [
 "abi",
]

[[package]]
name = "input"
version = "0.1.0"
dependencies = [
 "abi",
 "console",
 "init",
 "ipc",
 "name",
 "presenter-service",
 "virtio",
]

[[package]]
name = "ipc"
version = "0.1.0"
dependencies = [
 "abi",
]

[[package]]
name = "layout"
version = "0.1.0"

[[package]]
name = "layout-service"
version = "0.1.0"
dependencies = [
 "abi",
 "console",
 "document-service",
 "heap",
 "ipc",
 "layout",
 "name",
]

[[package]]
name = "libm"
version = "0.2.16"
source = "registry+https://github.com/rust-lang/crates.io-index"
checksum = "b6d2cec3eae94f9f509c767b45932f1ada8350c4bdb85af2fcab4a3c14807981"

[[package]]
name = "name"
version = "0.1.0"
dependencies = [
 "abi",
 "heap",
 "ipc",
]

[[package]]
name = "presenter-service"
version = "0.1.0"
dependencies = [
 "abi",
 "console",
 "document-service",
 "fonts",
 "heap",
 "ipc",
 "layout",
 "layout-service",
 "name",
 "render",
 "scene",
 "text-editor",
]

[[package]]
name = "proc-macro2"
version = "1.0.106"
source = "registry+https://github.com/rust-lang/crates.io-index"
checksum = "8fd00f0bb2e90d81d1044c2b32617f68fcb9fa3bb7640c23e9c748e53fb30934"
dependencies = [
 "unicode-ident",
]

[[package]]
name = "quote"
version = "1.0.45"
source = "registry+https://github.com/rust-lang/crates.io-index"
checksum = "41f2619966050689382d2b44f664f4bc593e129785a36d6ee376ddf37259b924"
dependencies = [
 "proc-macro2",
]

[[package]]
name = "read-fonts"
version = "0.37.0"
source = "registry+https://github.com/rust-lang/crates.io-index"
checksum = "7b634fabf032fab15307ffd272149b622260f55974d9fad689292a5d33df02e5"
dependencies = [
 "bytemuck",
 "core_maths",
 "font-types",
]

[[package]]
name = "render"
version = "0.1.0"
dependencies = [
 "abi",
 "animation",
 "console",
 "fonts",
 "heap",
 "init",
 "ipc",
 "name",
 "scene",
 "virtio",
]

[[package]]
name = "scene"
version = "0.1.0"

[[package]]
name = "smallvec"
version = "1.15.1"
source = "registry+https://github.com/rust-lang/crates.io-index"
checksum = "67b1b7a3b5fe4f1376887184045fcf45c69e92af734b7aaddc05fb777b6fbd03"

[[package]]
name = "store"
version = "0.1.0"
dependencies = [
 "fs",
]

[[package]]
name = "store-service"
version = "0.1.0"
dependencies = [
 "abi",
 "blk",
 "console",
 "fs",
 "heap",
 "init",
 "ipc",
 "name",
 "store",
]

[[package]]
name = "syn"
version = "2.0.117"
source = "registry+https://github.com/rust-lang/crates.io-index"
checksum = "e665b8803e7b1d2a727f4023456bbbbe74da67099c585258af0ad9c5013b9b99"
dependencies = [
 "proc-macro2",
 "quote",
 "unicode-ident",
]

[[package]]
name = "text-editor"
version = "0.1.0"
dependencies = [
 "abi",
 "console",
 "document-service",
 "ipc",
 "name",
]

[[package]]
name = "unicode-ident"
version = "1.0.24"
source = "registry+https://github.com/rust-lang/crates.io-index"
checksum = "e6e4313cd5fcd3dad5cafa179702e2b244f760991f45397d14d4ebf38247da75"

[[package]]
name = "virtio"
version = "0.1.0"
