# This file is automatically @generated by Cargo.
# It is not intended for manual editing.
version = 4

[[package]]
name = "abi"
version = "0.1.0"

[[package]]
name = "console-driver"
version = "0.1.0"
dependencies = [
 "abi",
 "ipc",
 "protocol",
]

[[package]]
name = "ipc"
version = "0.1.0"
dependencies = [
 "abi",
]

[[package]]
name = "protocol"
version = "0.1.0"
