# This file is automatically @generated by Cargo.
# It is not intended for manual editing.
version = 4

[[package]]
name = "drawing"
version = "0.1.0"
dependencies = [
 "protocol",
]

[[package]]
name = "ipc"
version = "0.1.0"

[[package]]
name = "protocol"
version = "0.1.0"

[[package]]
name = "scene"
version = "0.1.0"

[[package]]
name = "test"
version = "0.1.0"
dependencies = [
 "drawing",
 "ipc",
 "protocol",
 "scene",
]
