# This file is automatically @generated by Cargo.
# It is not intended for manual editing.
version = 4

[[package]]
name = "abi"
version = "0.1.0"

[[package]]
name = "audio-service"
version = "0.1.0"
dependencies = [
 "abi",
 "console",
 "init",
 "ipc",
 "name",
 "snd",
 "wav",
]

[[package]]
name = "avi"
version = "0.1.0"

[[package]]
name = "console"
version = "0.1.0"
dependencies = [
 "abi",
 "ipc",
]

[[package]]
name = "heap"
version = "0.1.0"
dependencies = [
 "abi",
]

[[package]]
name = "init"
version = "0.1.0"
dependencies = [
 "abi",
 "ipc",
]

[[package]]
name = "ipc"
version = "0.1.0"
dependencies = [
 "abi",
]

[[package]]
name = "mp4"
version = "0.1.0"

[[package]]
name = "name"
version = "0.1.0"
dependencies = [
 "abi",
 "heap",
 "ipc",
]

[[package]]
name = "snd"
version = "0.1.0"
dependencies = [
 "abi",
 "console",
 "init",
 "ipc",
 "name",
 "virtio",
]

[[package]]
name = "video"
version = "0.1.0"
dependencies = [
 "abi",
 "console",
 "init",
 "ipc",
 "name",
 "virtio",
]

[[package]]
name = "video-decoder"
version = "0.1.0"
dependencies = [
 "abi",
 "audio-service",
 "avi",
 "console",
 "heap",
 "ipc",
 "mp4",
 "name",
 "video",
]

[[package]]
name = "virtio"
version = "0.1.0"

[[package]]
name = "wav"
version = "0.1.0"
