# This file is automatically @generated by Cargo.
# It is not intended for manual editing.
version = 4

[[package]]
name = "abi"
version = "0.1.0"

[[package]]
name = "console"
version = "0.1.0"
dependencies = [
 "abi",
 "ipc",
]

[[package]]
name = "fs-service"
version = "0.1.0"
dependencies = [
 "abi",
 "console",
 "ipc",
 "name",
 "virtio-9p",
]

[[package]]
name = "heap"
version = "0.1.0"
dependencies = [
 "abi",
]

[[package]]
name = "init"
version = "0.1.0"
dependencies = [
 "abi",
 "ipc",
]

[[package]]
name = "ipc"
version = "0.1.0"
dependencies = [
 "abi",
]

[[package]]
name = "name"
version = "0.1.0"
dependencies = [
 "abi",
 "heap",
 "ipc",
]

[[package]]
name = "virtio"
version = "0.1.0"

[[package]]
name = "virtio-9p"
version = "0.1.0"
dependencies = [
 "abi",
 "console",
 "init",
 "ipc",
 "name",
 "virtio",
]
